lockfileVersion: '9.0'

settings:
  autoInstallPeers: true
  excludeLinksFromLockfile: false

importers:

  .:
    dependencies:
      '@trpc/server':
        specifier: ^10.45.2
        version: 10.45.2

packages:

  '@trpc/server@10.45.2':
    resolution: {integrity: sha512-wOrSThNNE4HUnuhJG6PfDRp4L2009KDVxsd+2VYH8ro6o/7/jwYZ8Uu5j+VaW+mOmc8EHerHzGcdbGNQSAUPgg==}

snapshots:

  '@trpc/server@10.45.2': {}
